
Microsoft Visual Studio Solution File, Format Version 12.00
# Visual Studio Version 17
VisualStudioVersion = 17.4.33213.308
MinimumVisualStudioVersion = 10.0.40219.1
Project("{FAE04EC0-301F-11D3-BF4B-00C04F79EFBC}") = "eProject3", "eProject3\eProject3.csproj", "{5DD66A87-E33A-4E33-8EF4-77EA3E4F9787}"
EndProject
Global
	GlobalSection(SolutionConfigurationPlatforms) = preSolution
		Debug|Any CPU = Debug|Any CPU
		Release|Any CPU = Release|Any CPU
	EndGlobalSection
	GlobalSection(ProjectConfigurationPlatforms) = postSolution
		{5DD66A87-E33A-4E33-8EF4-77EA3E4F9787}.Debug|Any CPU.ActiveCfg = Debug|Any CPU
		{5DD66A87-E33A-4E33-8EF4-77EA3E4F9787}.Debug|Any CPU.Build.0 = Debug|Any CPU
		{5DD66A87-E33A-4E33-8EF4-77EA3E4F9787}.Release|Any CPU.ActiveCfg = Release|Any CPU
		{5DD66A87-E33A-4E33-8EF4-77EA3E4F9787}.Release|Any CPU.Build.0 = Release|Any CPU
	EndGlobalSection
	GlobalSection(SolutionProperties) = preSolution
		HideSolutionNode = FALSE
	EndGlobalSection
	GlobalSection(ExtensibilityGlobals) = postSolution
		SolutionGuid = {EDD38E08-A84C-4E15-9E10-4F3F9069C9D4}
	EndGlobalSection
EndGlobal
